// !$*UTF8*$!
{
	archiveVersion = 1;
	classes = {
	};
	objectVersion = 56;
	objects = {

/* Begin PBXBuildFile section */
		C93F945429A23167008407D0 /* SwiftUINavigationDeepDiveApp.swift in Sources */ = {isa = PBXBuildFile; fileRef = C93F945329A23167008407D0 /* SwiftUINavigationDeepDiveApp.swift */; };
		C93F945629A23167008407D0 /* ContentView.swift in Sources */ = {isa = PBXBuildFile; fileRef = C93F945529A23167008407D0 /* ContentView.swift */; };
		C93F945829A23169008407D0 /* Assets.xcassets in Resources */ = {isa = PBXBuildFile; fileRef = C93F945729A23169008407D0 /* Assets.xcassets */; };
		C93F945B29A23169008407D0 /* Preview Assets.xcassets in Resources */ = {isa = PBXBuildFile; fileRef = C93F945A29A23169008407D0 /* Preview Assets.xcassets */; };
		C93F946C29A23213008407D0 /* DoughnutView.swift in Sources */ = {isa = PBXBuildFile; fileRef = C93F946229A23213008407D0 /* DoughnutView.swift */; };
		C93F946D29A23213008407D0 /* HoneyView.swift in Sources */ = {isa = PBXBuildFile; fileRef = C93F946329A23213008407D0 /* HoneyView.swift */; };
		C93F946E29A23213008407D0 /* CookieView.swift in Sources */ = {isa = PBXBuildFile; fileRef = C93F946429A23213008407D0 /* CookieView.swift */; };
		C93F946F29A23213008407D0 /* CarrotView.swift in Sources */ = {isa = PBXBuildFile; fileRef = C93F946529A23213008407D0 /* CarrotView.swift */; };
		C93F947029A23213008407D0 /* CakeView.swift in Sources */ = {isa = PBXBuildFile; fileRef = C93F946629A23213008407D0 /* CakeView.swift */; };
		C93F947129A23213008407D0 /* IceCreamView.swift in Sources */ = {isa = PBXBuildFile; fileRef = C93F946729A23213008407D0 /* IceCreamView.swift */; };
		C93F947229A23213008407D0 /* JunkFoodView.swift in Sources */ = {isa = PBXBuildFile; fileRef = C93F946829A23213008407D0 /* JunkFoodView.swift */; };
		C93F947329A23213008407D0 /* PopcornView.swift in Sources */ = {isa = PBXBuildFile; fileRef = C93F946929A23213008407D0 /* PopcornView.swift */; };
		C93F947429A23213008407D0 /* ChocolateView.swift in Sources */ = {isa = PBXBuildFile; fileRef = C93F946A29A23213008407D0 /* ChocolateView.swift */; };
		C93F947529A23213008407D0 /* KiwiView.swift in Sources */ = {isa = PBXBuildFile; fileRef = C93F946B29A23213008407D0 /* KiwiView.swift */; };
		C93F947729A233EF008407D0 /* NavigationRouterSetup.swift in Sources */ = {isa = PBXBuildFile; fileRef = C93F947629A233EF008407D0 /* NavigationRouterSetup.swift */; };
		C93F947A29A25DCD008407D0 /* kindaSwiftUI in Frameworks */ = {isa = PBXBuildFile; productRef = C93F947929A25DCD008407D0 /* kindaSwiftUI */; };
		C93F947C29A25E0E008407D0 /* KindaSwiftUI-Info.plist in Resources */ = {isa = PBXBuildFile; fileRef = C93F947B29A25E0E008407D0 /* KindaSwiftUI-Info.plist */; };
/* End PBXBuildFile section */

/* Begin PBXFileReference section */
		C93F945029A23167008407D0 /* SwiftUINavigationDeepDive.app */ = {isa = PBXFileReference; explicitFileType = wrapper.application; includeInIndex = 0; path = SwiftUINavigationDeepDive.app; sourceTree = BUILT_PRODUCTS_DIR; };
		C93F945329A23167008407D0 /* SwiftUINavigationDeepDiveApp.swift */ = {isa = PBXFileReference; lastKnownFileType = sourcecode.swift; path = SwiftUINavigationDeepDiveApp.swift; sourceTree = "<group>"; };
		C93F945529A23167008407D0 /* ContentView.swift */ = {isa = PBXFileReference; lastKnownFileType = sourcecode.swift; path = ContentView.swift; sourceTree = "<group>"; };
		C93F945729A23169008407D0 /* Assets.xcassets */ = {isa = PBXFileReference; lastKnownFileType = folder.assetcatalog; path = Assets.xcassets; sourceTree = "<group>"; };
		C93F945A29A23169008407D0 /* Preview Assets.xcassets */ = {isa = PBXFileReference; lastKnownFileType = folder.assetcatalog; path = "Preview Assets.xcassets"; sourceTree = "<group>"; };
		C93F946229A23213008407D0 /* DoughnutView.swift */ = {isa = PBXFileReference; fileEncoding = 4; lastKnownFileType = sourcecode.swift; path = DoughnutView.swift; sourceTree = "<group>"; };
		C93F946329A23213008407D0 /* HoneyView.swift */ = {isa = PBXFileReference; fileEncoding = 4; lastKnownFileType = sourcecode.swift; path = HoneyView.swift; sourceTree = "<group>"; };
		C93F946429A23213008407D0 /* CookieView.swift */ = {isa = PBXFileReference; fileEncoding = 4; lastKnownFileType = sourcecode.swift; path = CookieView.swift; sourceTree = "<group>"; };
		C93F946529A23213008407D0 /* CarrotView.swift */ = {isa = PBXFileReference; fileEncoding = 4; lastKnownFileType = sourcecode.swift; path = CarrotView.swift; sourceTree = "<group>"; };
		C93F946629A23213008407D0 /* CakeView.swift */ = {isa = PBXFileReference; fileEncoding = 4; lastKnownFileType = sourcecode.swift; path = CakeView.swift; sourceTree = "<group>"; };
		C93F946729A23213008407D0 /* IceCreamView.swift */ = {isa = PBXFileReference; fileEncoding = 4; lastKnownFileType = sourcecode.swift; path = IceCreamView.swift; sourceTree = "<group>"; };
		C93F946829A23213008407D0 /* JunkFoodView.swift */ = {isa = PBXFileReference; fileEncoding = 4; lastKnownFileType = sourcecode.swift; path = JunkFoodView.swift; sourceTree = "<group>"; };
		C93F946929A23213008407D0 /* PopcornView.swift */ = {isa = PBXFileReference; fileEncoding = 4; lastKnownFileType = sourcecode.swift; path = PopcornView.swift; sourceTree = "<group>"; };
		C93F946A29A23213008407D0 /* ChocolateView.swift */ = {isa = PBXFileReference; fileEncoding = 4; lastKnownFileType = sourcecode.swift; path = ChocolateView.swift; sourceTree = "<group>"; };
		C93F946B29A23213008407D0 /* KiwiView.swift */ = {isa = PBXFileReference; fileEncoding = 4; lastKnownFileType = sourcecode.swift; path = KiwiView.swift; sourceTree = "<group>"; };
		C93F947629A233EF008407D0 /* NavigationRouterSetup.swift */ = {isa = PBXFileReference; lastKnownFileType = sourcecode.swift; path = NavigationRouterSetup.swift; sourceTree = "<group>"; };
		C93F947B29A25E0E008407D0 /* KindaSwiftUI-Info.plist */ = {isa = PBXFileReference; lastKnownFileType = text.plist.xml; path = "KindaSwiftUI-Info.plist"; sourceTree = "<group>"; };
/* End PBXFileReference section */

/* Begin PBXFrameworksBuildPhase section */
		C93F944D29A23167008407D0 /* Frameworks */ = {
			isa = PBXFrameworksBuildPhase;
			buildActionMask = 2147483647;
			files = (
				C93F947A29A25DCD008407D0 /* kindaSwiftUI in Frameworks */,
			);
			runOnlyForDeploymentPostprocessing = 0;
		};
/* End PBXFrameworksBuildPhase section */

/* Begin PBXGroup section */
		C93F944729A23167008407D0 = {
			isa = PBXGroup;
			children = (
				C93F945229A23167008407D0 /* SwiftUINavigationDeepDive */,
				C93F945129A23167008407D0 /* Products */,
			);
			sourceTree = "<group>";
		};
		C93F945129A23167008407D0 /* Products */ = {
			isa = PBXGroup;
			children = (
				C93F945029A23167008407D0 /* SwiftUINavigationDeepDive.app */,
			);
			name = Products;
			sourceTree = "<group>";
		};
		C93F945229A23167008407D0 /* SwiftUINavigationDeepDive */ = {
			isa = PBXGroup;
			children = (
				C93F945329A23167008407D0 /* SwiftUINavigationDeepDiveApp.swift */,
				C93F945529A23167008407D0 /* ContentView.swift */,
				C93F947629A233EF008407D0 /* NavigationRouterSetup.swift */,
				C93F947B29A25E0E008407D0 /* KindaSwiftUI-Info.plist */,
				C93F946129A2318F008407D0 /* Views */,
				C93F945729A23169008407D0 /* Assets.xcassets */,
				C93F945929A23169008407D0 /* Preview Content */,
			);
			path = SwiftUINavigationDeepDive;
			sourceTree = "<group>";
		};
		C93F945929A23169008407D0 /* Preview Content */ = {
			isa = PBXGroup;
			children = (
				C93F945A29A23169008407D0 /* Preview Assets.xcassets */,
			);
			path = "Preview Content";
			sourceTree = "<group>";
		};
		C93F946129A2318F008407D0 /* Views */ = {
			isa = PBXGroup;
			children = (
				C93F946629A23213008407D0 /* CakeView.swift */,
				C93F946529A23213008407D0 /* CarrotView.swift */,
				C93F946A29A23213008407D0 /* ChocolateView.swift */,
				C93F946429A23213008407D0 /* CookieView.swift */,
				C93F946229A23213008407D0 /* DoughnutView.swift */,
				C93F946329A23213008407D0 /* HoneyView.swift */,
				C93F946729A23213008407D0 /* IceCreamView.swift */,
				C93F946829A23213008407D0 /* JunkFoodView.swift */,
				C93F946B29A23213008407D0 /* KiwiView.swift */,
				C93F946929A23213008407D0 /* PopcornView.swift */,
			);
			path = Views;
			sourceTree = "<group>";
		};
/* End PBXGroup section */

/* Begin PBXNativeTarget section */
		C93F944F29A23167008407D0 /* SwiftUINavigationDeepDive */ = {
			isa = PBXNativeTarget;
			buildConfigurationList = C93F945E29A23169008407D0 /* Build configuration list for PBXNativeTarget "SwiftUINavigationDeepDive" */;
			buildPhases = (
				C93F944C29A23167008407D0 /* Sources */,
				C93F944D29A23167008407D0 /* Frameworks */,
				C93F944E29A23167008407D0 /* Resources */,
			);
			buildRules = (
			);
			dependencies = (
			);
			name = SwiftUINavigationDeepDive;
			packageProductDependencies = (
				C93F947929A25DCD008407D0 /* kindaSwiftUI */,
			);
			productName = SwiftUINavigationDeepDive;
			productReference = C93F945029A23167008407D0 /* SwiftUINavigationDeepDive.app */;
			productType = "com.apple.product-type.application";
		};
/* End PBXNativeTarget section */

/* Begin PBXProject section */
		C93F944829A23167008407D0 /* Project object */ = {
			isa = PBXProject;
			attributes = {
				BuildIndependentTargetsInParallel = 1;
				LastSwiftUpdateCheck = 1420;
				LastUpgradeCheck = 1420;
				TargetAttributes = {
					C93F944F29A23167008407D0 = {
						CreatedOnToolsVersion = 14.2;
					};
				};
			};
			buildConfigurationList = C93F944B29A23167008407D0 /* Build configuration list for PBXProject "SwiftUINavigationDeepDive" */;
			compatibilityVersion = "Xcode 14.0";
			developmentRegion = en;
			hasScannedForEncodings = 0;
			knownRegions = (
				en,
				Base,
			);
			mainGroup = C93F944729A23167008407D0;
			packageReferences = (
				C93F947829A25DCD008407D0 /* XCRemoteSwiftPackageReference "kindaSwiftUI" */,
			);
			productRefGroup = C93F945129A23167008407D0 /* Products */;
			projectDirPath = "";
			projectRoot = "";
			targets = (
				C93F944F29A23167008407D0 /* SwiftUINavigationDeepDive */,
			);
		};
/* End PBXProject section */

/* Begin PBXResourcesBuildPhase section */
		C93F944E29A23167008407D0 /* Resources */ = {
			isa = PBXResourcesBuildPhase;
			buildActionMask = 2147483647;
			files = (
				C93F945B29A23169008407D0 /* Preview Assets.xcassets in Resources */,
				C93F947C29A25E0E008407D0 /* KindaSwiftUI-Info.plist in Resources */,
				C93F945829A23169008407D0 /* Assets.xcassets in Resources */,
			);
			runOnlyForDeploymentPostprocessing = 0;
		};
/* End PBXResourcesBuildPhase section */

/* Begin PBXSourcesBuildPhase section */
		C93F944C29A23167008407D0 /* Sources */ = {
			isa = PBXSourcesBuildPhase;
			buildActionMask = 2147483647;
			files = (
				C93F947229A23213008407D0 /* JunkFoodView.swift in Sources */,
				C93F946D29A23213008407D0 /* HoneyView.swift in Sources */,
				C93F947129A23213008407D0 /* IceCreamView.swift in Sources */,
				C93F947729A233EF008407D0 /* NavigationRouterSetup.swift in Sources */,
				C93F946E29A23213008407D0 /* CookieView.swift in Sources */,
				C93F947529A23213008407D0 /* KiwiView.swift in Sources */,
				C93F945629A23167008407D0 /* ContentView.swift in Sources */,
				C93F947029A23213008407D0 /* CakeView.swift in Sources */,
				C93F946C29A23213008407D0 /* DoughnutView.swift in Sources */,
				C93F945429A23167008407D0 /* SwiftUINavigationDeepDiveApp.swift in Sources */,
				C93F947329A23213008407D0 /* PopcornView.swift in Sources */,
				C93F947429A23213008407D0 /* ChocolateView.swift in Sources */,
				C93F946F29A23213008407D0 /* CarrotView.swift in Sources */,
			);
			runOnlyForDeploymentPostprocessing = 0;
		};
/* End PBXSourcesBuildPhase section */

/* Begin XCBuildConfiguration section */
		C93F945C29A23169008407D0 /* Debug */ = {
			isa = XCBuildConfiguration;
			buildSettings = {
				ALWAYS_SEARCH_USER_PATHS = NO;
				CLANG_ANALYZER_NONNULL = YES;
				CLANG_ANALYZER_NUMBER_OBJECT_CONVERSION = YES_AGGRESSIVE;
				CLANG_CXX_LANGUAGE_STANDARD = "gnu++20";
				CLANG_ENABLE_MODULES = YES;
				CLANG_ENABLE_OBJC_ARC = YES;
				CLANG_ENABLE_OBJC_WEAK = YES;
				CLANG_WARN_BLOCK_CAPTURE_AUTORELEASING = YES;
				CLANG_WARN_BOOL_CONVERSION = YES;
				CLANG_WARN_COMMA = YES;
				CLANG_WARN_CONSTANT_CONVERSION = YES;
				CLANG_WARN_DEPRECATED_OBJC_IMPLEMENTATIONS = YES;
				CLANG_WARN_DIRECT_OBJC_ISA_USAGE = YES_ERROR;
				CLANG_WARN_DOCUMENTATION_COMMENTS = YES;
				CLANG_WARN_EMPTY_BODY = YES;
				CLANG_WARN_ENUM_CONVERSION = YES;
				CLANG_WARN_INFINITE_RECURSION = YES;
				CLANG_WARN_INT_CONVERSION = YES;
				CLANG_WARN_NON_LITERAL_NULL_CONVERSION = YES;
				CLANG_WARN_OBJC_IMPLICIT_RETAIN_SELF = YES;
				CLANG_WARN_OBJC_LITERAL_CONVERSION = YES;
				CLANG_WARN_OBJC_ROOT_CLASS = YES_ERROR;
				CLANG_WARN_QUOTED_INCLUDE_IN_FRAMEWORK_HEADER = YES;
				CLANG_WARN_RANGE_LOOP_ANALYSIS = YES;
				CLANG_WARN_STRICT_PROTOTYPES = YES;
				CLANG_WARN_SUSPICIOUS_MOVE = YES;
				CLANG_WARN_UNGUARDED_AVAILABILITY = YES_AGGRESSIVE;
				CLANG_WARN_UNREACHABLE_CODE = YES;
				CLANG_WARN__DUPLICATE_METHOD_MATCH = YES;
				COPY_PHASE_STRIP = NO;
				DEBUG_INFORMATION_FORMAT = dwarf;
				ENABLE_STRICT_OBJC_MSGSEND = YES;
				ENABLE_TESTABILITY = YES;
				GCC_C_LANGUAGE_STANDARD = gnu11;
				GCC_DYNAMIC_NO_PIC = NO;
				GCC_NO_COMMON_BLOCKS = YES;
				GCC_OPTIMIZATION_LEVEL = 0;
				GCC_PREPROCESSOR_DEFINITIONS = (
					"DEBUG=1",
					"$(inherited)",
				);
				GCC_WARN_64_TO_32_BIT_CONVERSION = YES;
				GCC_WARN_ABOUT_RETURN_TYPE = YES_ERROR;
				GCC_WARN_UNDECLARED_SELECTOR = YES;
				GCC_WARN_UNINITIALIZED_AUTOS = YES_AGGRESSIVE;
				GCC_WARN_UNUSED_FUNCTION = YES;
				GCC_WARN_UNUSED_VARIABLE = YES;
				IPHONEOS_DEPLOYMENT_TARGET = 16.2;
				MTL_ENABLE_DEBUG_INFO = INCLUDE_SOURCE;
				MTL_FAST_MATH = YES;
				ONLY_ACTIVE_ARCH = YES;
				SDKROOT = iphoneos;
				SWIFT_ACTIVE_COMPILATION_CONDITIONS = DEBUG;
				SWIFT_OPTIMIZATION_LEVEL = "-Onone";
			};
			name = Debug;
		};
		C93F945D29A23169008407D0 /* Release */ = {
			isa = XCBuildConfiguration;
			buildSettings = {
				ALWAYS_SEARCH_USER_PATHS = NO;
				CLANG_ANALYZER_NONNULL = YES;
				CLANG_ANALYZER_NUMBER_OBJECT_CONVERSION = YES_AGGRESSIVE;
				CLANG_CXX_LANGUAGE_STANDARD = "gnu++20";
				CLANG_ENABLE_MODULES = YES;
				CLANG_ENABLE_OBJC_ARC = YES;
				CLANG_ENABLE_OBJC_WEAK = YES;
				CLANG_WARN_BLOCK_CAPTURE_AUTORELEASING = YES;
				CLANG_WARN_BOOL_CONVERSION = YES;
				CLANG_WARN_COMMA = YES;
				CLANG_WARN_CONSTANT_CONVERSION = YES;
				CLANG_WARN_DEPRECATED_OBJC_IMPLEMENTATIONS = YES;
				CLANG_WARN_DIRECT_OBJC_ISA_USAGE = YES_ERROR;
				CLANG_WARN_DOCUMENTATION_COMMENTS = YES;
				CLANG_WARN_EMPTY_BODY = YES;
				CLANG_WARN_ENUM_CONVERSION = YES;
				CLANG_WARN_INFINITE_RECURSION = YES;
				CLANG_WARN_INT_CONVERSION = YES;
				CLANG_WARN_NON_LITERAL_NULL_CONVERSION = YES;
				CLANG_WARN_OBJC_IMPLICIT_RETAIN_SELF = YES;
				CLANG_WARN_OBJC_LITERAL_CONVERSION = YES;
				CLANG_WARN_OBJC_ROOT_CLASS = YES_ERROR;
				CLANG_WARN_QUOTED_INCLUDE_IN_FRAMEWORK_HEADER = YES;
				CLANG_WARN_RANGE_LOOP_ANALYSIS = YES;
				CLANG_WARN_STRICT_PROTOTYPES = YES;
				CLANG_WARN_SUSPICIOUS_MOVE = YES;
				CLANG_WARN_UNGUARDED_AVAILABILITY = YES_AGGRESSIVE;
				CLANG_WARN_UNREACHABLE_CODE = YES;
				CLANG_WARN__DUPLICATE_METHOD_MATCH = YES;
				COPY_PHASE_STRIP = NO;
				DEBUG_INFORMATION_FORMAT = "dwarf-with-dsym";
				ENABLE_NS_ASSERTIONS = NO;
				ENABLE_STRICT_OBJC_MSGSEND = YES;
				GCC_C_LANGUAGE_STANDARD = gnu11;
				GCC_NO_COMMON_BLOCKS = YES;
				GCC_WARN_64_TO_32_BIT_CONVERSION = YES;
				GCC_WARN_ABOUT_RETURN_TYPE = YES_ERROR;
				GCC_WARN_UNDECLARED_SELECTOR = YES;
				GCC_WARN_UNINITIALIZED_AUTOS = YES_AGGRESSIVE;
				GCC_WARN_UNUSED_FUNCTION = YES;
				GCC_WARN_UNUSED_VARIABLE = YES;
				IPHONEOS_DEPLOYMENT_TARGET = 16.2;
				MTL_ENABLE_DEBUG_INFO = NO;
				MTL_FAST_MATH = YES;
				SDKROOT = iphoneos;
				SWIFT_COMPILATION_MODE = wholemodule;
				SWIFT_OPTIMIZATION_LEVEL = "-O";
				VALIDATE_PRODUCT = YES;
			};
			name = Release;
		};
		C93F945F29A23169008407D0 /* Debug */ = {
			isa = XCBuildConfiguration;
			buildSettings = {
				ASSETCATALOG_COMPILER_APPICON_NAME = AppIcon;
				ASSETCATALOG_COMPILER_GLOBAL_ACCENT_COLOR_NAME = AccentColor;
				CODE_SIGN_STYLE = Automatic;
				CURRENT_PROJECT_VERSION = 1;
				DEVELOPMENT_ASSET_PATHS = "\"SwiftUINavigationDeepDive/Preview Content\"";
				DEVELOPMENT_TEAM = R252PR8AVU;
				ENABLE_PREVIEWS = YES;
				GENERATE_INFOPLIST_FILE = YES;
				INFOPLIST_KEY_UIApplicationSceneManifest_Generation = YES;
				INFOPLIST_KEY_UIApplicationSupportsIndirectInputEvents = YES;
				INFOPLIST_KEY_UILaunchScreen_Generation = YES;
				INFOPLIST_KEY_UISupportedInterfaceOrientations_iPad = "UIInterfaceOrientationPortrait UIInterfaceOrientationPortraitUpsideDown UIInterfaceOrientationLandscapeLeft UIInterfaceOrientationLandscapeRight";
				INFOPLIST_KEY_UISupportedInterfaceOrientations_iPhone = "UIInterfaceOrientationPortrait UIInterfaceOrientationLandscapeLeft UIInterfaceOrientationLandscapeRight";
				LD_RUNPATH_SEARCH_PATHS = (
					"$(inherited)",
					"@executable_path/Frameworks",
				);
				MARKETING_VERSION = 1.0;
				PRODUCT_BUNDLE_IDENTIFIER = com.rebeloper.SwiftUINavigationDeepDive;
				PRODUCT_NAME = "$(TARGET_NAME)";
				SUPPORTED_PLATFORMS = "appletvos appletvsimulator iphoneos iphonesimulator macosx";
				SUPPORTS_MACCATALYST = NO;
				SUPPORTS_MAC_DESIGNED_FOR_IPHONE_IPAD = NO;
				SWIFT_EMIT_LOC_STRINGS = YES;
				SWIFT_VERSION = 5.0;
				TARGETED_DEVICE_FAMILY = "1,2,3";
			};
			name = Debug;
		};
		C93F946029A23169008407D0 /* Release */ = {
			isa = XCBuildConfiguration;
			buildSettings = {
				ASSETCATALOG_COMPILER_APPICON_NAME = AppIcon;
				ASSETCATALOG_COMPILER_GLOBAL_ACCENT_COLOR_NAME = AccentColor;
				CODE_SIGN_STYLE = Automatic;
				CURRENT_PROJECT_VERSION = 1;
				DEVELOPMENT_ASSET_PATHS = "\"SwiftUINavigationDeepDive/Preview Content\"";
				DEVELOPMENT_TEAM = R252PR8AVU;
				ENABLE_PREVIEWS = YES;
				GENERATE_INFOPLIST_FILE = YES;
				INFOPLIST_KEY_UIApplicationSceneManifest_Generation = YES;
				INFOPLIST_KEY_UIApplicationSupportsIndirectInputEvents = YES;
				INFOPLIST_KEY_UILaunchScreen_Generation = YES;
				INFOPLIST_KEY_UISupportedInterfaceOrientations_iPad = "UIInterfaceOrientationPortrait UIInterfaceOrientationPortraitUpsideDown UIInterfaceOrientationLandscapeLeft UIInterfaceOrientationLandscapeRight";
				INFOPLIST_KEY_UISupportedInterfaceOrientations_iPhone = "UIInterfaceOrientationPortrait UIInterfaceOrientationLandscapeLeft UIInterfaceOrientationLandscapeRight";
				LD_RUNPATH_SEARCH_PATHS = (
					"$(inherited)",
					"@executable_path/Frameworks",
				);
				MARKETING_VERSION = 1.0;
				PRODUCT_BUNDLE_IDENTIFIER = com.rebeloper.SwiftUINavigationDeepDive;
				PRODUCT_NAME = "$(TARGET_NAME)";
				SUPPORTED_PLATFORMS = "appletvos appletvsimulator iphoneos iphonesimulator macosx";
				SUPPORTS_MACCATALYST = NO;
				SUPPORTS_MAC_DESIGNED_FOR_IPHONE_IPAD = NO;
				SWIFT_EMIT_LOC_STRINGS = YES;
				SWIFT_VERSION = 5.0;
				TARGETED_DEVICE_FAMILY = "1,2,3";
			};
			name = Release;
		};
/* End XCBuildConfiguration section */

/* Begin XCConfigurationList section */
		C93F944B29A23167008407D0 /* Build configuration list for PBXProject "SwiftUINavigationDeepDive" */ = {
			isa = XCConfigurationList;
			buildConfigurations = (
				C93F945C29A23169008407D0 /* Debug */,
				C93F945D29A23169008407D0 /* Release */,
			);
			defaultConfigurationIsVisible = 0;
			defaultConfigurationName = Release;
		};
		C93F945E29A23169008407D0 /* Build configuration list for PBXNativeTarget "SwiftUINavigationDeepDive" */ = {
			isa = XCConfigurationList;
			buildConfigurations = (
				C93F945F29A23169008407D0 /* Debug */,
				C93F946029A23169008407D0 /* Release */,
			);
			defaultConfigurationIsVisible = 0;
			defaultConfigurationName = Release;
		};
/* End XCConfigurationList section */

/* Begin XCRemoteSwiftPackageReference section */
		C93F947829A25DCD008407D0 /* XCRemoteSwiftPackageReference "kindaSwiftUI" */ = {
			isa = XCRemoteSwiftPackageReference;
			repositoryURL = "https://github.com/rebeloper/kindaSwiftUI.git";
			requirement = {
				kind = upToNextMajorVersion;
				minimumVersion = 0.0.9;
			};
		};
/* End XCRemoteSwiftPackageReference section */

/* Begin XCSwiftPackageProductDependency section */
		C93F947929A25DCD008407D0 /* kindaSwiftUI */ = {
			isa = XCSwiftPackageProductDependency;
			package = C93F947829A25DCD008407D0 /* XCRemoteSwiftPackageReference "kindaSwiftUI" */;
			productName = kindaSwiftUI;
		};
/* End XCSwiftPackageProductDependency section */
	};
	rootObject = C93F944829A23167008407D0 /* Project object */;
}
